
Microsoft Visual Studio Solution File, Format Version 12.00
# Visual Studio Version 16
VisualStudioVersion = 16.0.32228.343
MinimumVisualStudioVersion = 10.0.40219.1
Project("{9A19103F-16F7-4668-BE54-9A1E7A4F7556}") = "internationalbakers", "internationalbakers\internationalbakers.csproj", "{6D92D21A-289E-48B5-8CCE-1AC49D16773D}"
EndProject
Project("{00D1A9C2-B5F0-4AF3-8072-F6C62B433612}") = "InternationalBakers.Database", "InternationalBakers.Database\InternationalBakers.Database.sqlproj", "{8FC59F45-1850-4DD9-B632-F1A5F80FD503}"
EndProject
Global
	GlobalSection(SolutionConfigurationPlatforms) = preSolution
		Debug|Any CPU = Debug|Any CPU
		Release|Any CPU = Release|Any CPU
	EndGlobalSection
	GlobalSection(ProjectConfigurationPlatforms) = postSolution
		{6D92D21A-289E-48B5-8CCE-1AC49D16773D}.Debug|Any CPU.ActiveCfg = Debug|Any CPU
		{6D92D21A-289E-48B5-8CCE-1AC49D16773D}.Debug|Any CPU.Build.0 = Debug|Any CPU
		{6D92D21A-289E-48B5-8CCE-1AC49D16773D}.Release|Any CPU.ActiveCfg = Release|Any CPU
		{6D92D21A-289E-48B5-8CCE-1AC49D16773D}.Release|Any CPU.Build.0 = Release|Any CPU
		{8FC59F45-1850-4DD9-B632-F1A5F80FD503}.Debug|Any CPU.ActiveCfg = Debug|Any CPU
		{8FC59F45-1850-4DD9-B632-F1A5F80FD503}.Debug|Any CPU.Build.0 = Debug|Any CPU
		{8FC59F45-1850-4DD9-B632-F1A5F80FD503}.Debug|Any CPU.Deploy.0 = Debug|Any CPU
		{8FC59F45-1850-4DD9-B632-F1A5F80FD503}.Release|Any CPU.ActiveCfg = Release|Any CPU
		{8FC59F45-1850-4DD9-B632-F1A5F80FD503}.Release|Any CPU.Build.0 = Release|Any CPU
		{8FC59F45-1850-4DD9-B632-F1A5F80FD503}.Release|Any CPU.Deploy.0 = Release|Any CPU
	EndGlobalSection
	GlobalSection(SolutionProperties) = preSolution
		HideSolutionNode = FALSE
	EndGlobalSection
	GlobalSection(ExtensibilityGlobals) = postSolution
		SolutionGuid = {2A3F1984-8B98-4101-A9D2-770E443CC49D}
	EndGlobalSection
EndGlobal
